// !$*UTF8*$!
{
	archiveVersion = 1;
	classes = {
	};
	objectVersion = 46;
	objects = {

/* Begin PBXBuildFile section */
		C9C75CD51D6B1230003054B0 /* main.m in Sources */ = {isa = PBXBuildFile; fileRef = C9C75CD41D6B1230003054B0 /* main.m */; };
		C9C75CD81D6B1230003054B0 /* AppDelegate.m in Sources */ = {isa = PBXBuildFile; fileRef = C9C75CD71D6B1230003054B0 /* AppDelegate.m */; };
		C9C75CDB1D6B1230003054B0 /* ViewController.m in Sources */ = {isa = PBXBuildFile; fileRef = C9C75CDA1D6B1230003054B0 /* ViewController.m */; };
		C9C75CDE1D6B1230003054B0 /* Main.storyboard in Resources */ = {isa = PBXBuildFile; fileRef = C9C75CDC1D6B1230003054B0 /* Main.storyboard */; };
		C9C75CE01D6B1230003054B0 /* Assets.xcassets in Resources */ = {isa = PBXBuildFile; fileRef = C9C75CDF1D6B1230003054B0 /* Assets.xcassets */; };
		C9C75CE31D6B1230003054B0 /* LaunchScreen.storyboard in Resources */ = {isa = PBXBuildFile; fileRef = C9C75CE11D6B1230003054B0 /* LaunchScreen.storyboard */; };
		C9C75CEE1D6B1230003054B0 /* ZYSuspensionViewTests.m in Sources */ = {isa = PBXBuildFile; fileRef = C9C75CED1D6B1230003054B0 /* ZYSuspensionViewTests.m */; };
		C9C75CF91D6B1230003054B0 /* ZYSuspensionViewUITests.m in Sources */ = {isa = PBXBuildFile; fileRef = C9C75CF81D6B1230003054B0 /* ZYSuspensionViewUITests.m */; };
		C9C75D0D1D6B123E003054B0 /* NSObject+Key.m in Sources */ = {isa = PBXBuildFile; fileRef = C9C75D081D6B123E003054B0 /* NSObject+Key.m */; };
		C9C75D0E1D6B123E003054B0 /* SuspensionManager.m in Sources */ = {isa = PBXBuildFile; fileRef = C9C75D0A1D6B123E003054B0 /* SuspensionManager.m */; };
		C9C75D0F1D6B123E003054B0 /* SuspensionView.m in Sources */ = {isa = PBXBuildFile; fileRef = C9C75D0C1D6B123E003054B0 /* SuspensionView.m */; };
/* End PBXBuildFile section */

/* Begin PBXContainerItemProxy section */
		C9C75CEA1D6B1230003054B0 /* PBXContainerItemProxy */ = {
			isa = PBXContainerItemProxy;
			containerPortal = C9C75CC81D6B1230003054B0 /* Project object */;
			proxyType = 1;
			remoteGlobalIDString = C9C75CCF1D6B1230003054B0;
			remoteInfo = ZYSuspensionView;
		};
		C9C75CF51D6B1230003054B0 /* PBXContainerItemProxy */ = {
			isa = PBXContainerItemProxy;
			containerPortal = C9C75CC81D6B1230003054B0 /* Project object */;
			proxyType = 1;
			remoteGlobalIDString = C9C75CCF1D6B1230003054B0;
			remoteInfo = ZYSuspensionView;
		};
/* End PBXContainerItemProxy section */

/* Begin PBXFileReference section */
		C9C75CD01D6B1230003054B0 /* ZYSuspensionView.app */ = {isa = PBXFileReference; explicitFileType = wrapper.application; includeInIndex = 0; path = ZYSuspensionView.app; sourceTree = BUILT_PRODUCTS_DIR; };
		C9C75CD41D6B1230003054B0 /* main.m */ = {isa = PBXFileReference; lastKnownFileType = sourcecode.c.objc; path = main.m; sourceTree = "<group>"; };
		C9C75CD61D6B1230003054B0 /* AppDelegate.h */ = {isa = PBXFileReference; lastKnownFileType = sourcecode.c.h; path = AppDelegate.h; sourceTree = "<group>"; };
		C9C75CD71D6B1230003054B0 /* AppDelegate.m */ = {isa = PBXFileReference; lastKnownFileType = sourcecode.c.objc; path = AppDelegate.m; sourceTree = "<group>"; };
		C9C75CD91D6B1230003054B0 /* ViewController.h */ = {isa = PBXFileReference; lastKnownFileType = sourcecode.c.h; path = ViewController.h; sourceTree = "<group>"; };
		C9C75CDA1D6B1230003054B0 /* ViewController.m */ = {isa = PBXFileReference; lastKnownFileType = sourcecode.c.objc; path = ViewController.m; sourceTree = "<group>"; };
		C9C75CDD1D6B1230003054B0 /* Base */ = {isa = PBXFileReference; lastKnownFileType = file.storyboard; name = Base; path = Base.lproj/Main.storyboard; sourceTree = "<group>"; };
		C9C75CDF1D6B1230003054B0 /* Assets.xcassets */ = {isa = PBXFileReference; lastKnownFileType = folder.assetcatalog; path = Assets.xcassets; sourceTree = "<group>"; };
		C9C75CE21D6B1230003054B0 /* Base */ = {isa = PBXFileReference; lastKnownFileType = file.storyboard; name = Base; path = Base.lproj/LaunchScreen.storyboard; sourceTree = "<group>"; };
		C9C75CE41D6B1230003054B0 /* Info.plist */ = {isa = PBXFileReference; lastKnownFileType = text.plist.xml; path = Info.plist; sourceTree = "<group>"; };
		C9C75CE91D6B1230003054B0 /* ZYSuspensionViewTests.xctest */ = {isa = PBXFileReference; explicitFileType = wrapper.cfbundle; includeInIndex = 0; path = ZYSuspensionViewTests.xctest; sourceTree = BUILT_PRODUCTS_DIR; };
		C9C75CED1D6B1230003054B0 /* ZYSuspensionViewTests.m */ = {isa = PBXFileReference; lastKnownFileType = sourcecode.c.objc; path = ZYSuspensionViewTests.m; sourceTree = "<group>"; };
		C9C75CEF1D6B1230003054B0 /* Info.plist */ = {isa = PBXFileReference; lastKnownFileType = text.plist.xml; path = Info.plist; sourceTree = "<group>"; };
		C9C75CF41D6B1230003054B0 /* ZYSuspensionViewUITests.xctest */ = {isa = PBXFileReference; explicitFileType = wrapper.cfbundle; includeInIndex = 0; path = ZYSuspensionViewUITests.xctest; sourceTree = BUILT_PRODUCTS_DIR; };
		C9C75CF81D6B1230003054B0 /* ZYSuspensionViewUITests.m */ = {isa = PBXFileReference; lastKnownFileType = sourcecode.c.objc; path = ZYSuspensionViewUITests.m; sourceTree = "<group>"; };
		C9C75CFA1D6B1230003054B0 /* Info.plist */ = {isa = PBXFileReference; lastKnownFileType = text.plist.xml; path = Info.plist; sourceTree = "<group>"; };
		C9C75D071D6B123E003054B0 /* NSObject+Key.h */ = {isa = PBXFileReference; fileEncoding = 4; lastKnownFileType = sourcecode.c.h; path = "NSObject+Key.h"; sourceTree = "<group>"; };
		C9C75D081D6B123E003054B0 /* NSObject+Key.m */ = {isa = PBXFileReference; fileEncoding = 4; lastKnownFileType = sourcecode.c.objc; path = "NSObject+Key.m"; sourceTree = "<group>"; };
		C9C75D091D6B123E003054B0 /* SuspensionManager.h */ = {isa = PBXFileReference; fileEncoding = 4; lastKnownFileType = sourcecode.c.h; path = SuspensionManager.h; sourceTree = "<group>"; };
		C9C75D0A1D6B123E003054B0 /* SuspensionManager.m */ = {isa = PBXFileReference; fileEncoding = 4; lastKnownFileType = sourcecode.c.objc; path = SuspensionManager.m; sourceTree = "<group>"; };
		C9C75D0B1D6B123E003054B0 /* SuspensionView.h */ = {isa = PBXFileReference; fileEncoding = 4; lastKnownFileType = sourcecode.c.h; path = SuspensionView.h; sourceTree = "<group>"; };
		C9C75D0C1D6B123E003054B0 /* SuspensionView.m */ = {isa = PBXFileReference; fileEncoding = 4; lastKnownFileType = sourcecode.c.objc; path = SuspensionView.m; sourceTree = "<group>"; };
/* End PBXFileReference section */

/* Begin PBXFrameworksBuildPhase section */
		C9C75CCD1D6B1230003054B0 /* Frameworks */ = {
			isa = PBXFrameworksBuildPhase;
			buildActionMask = 2147483647;
			files = (
			);
			runOnlyForDeploymentPostprocessing = 0;
		};
		C9C75CE61D6B1230003054B0 /* Frameworks */ = {
			isa = PBXFrameworksBuildPhase;
			buildActionMask = 2147483647;
			files = (
			);
			runOnlyForDeploymentPostprocessing = 0;
		};
		C9C75CF11D6B1230003054B0 /* Frameworks */ = {
			isa = PBXFrameworksBuildPhase;
			buildActionMask = 2147483647;
			files = (
			);
			runOnlyForDeploymentPostprocessing = 0;
		};
/* End PBXFrameworksBuildPhase section */

/* Begin PBXGroup section */
		C9C75CC71D6B1230003054B0 = {
			isa = PBXGroup;
			children = (
				C9C75CD21D6B1230003054B0 /* ZYSuspensionView */,
				C9C75CEC1D6B1230003054B0 /* ZYSuspensionViewTests */,
				C9C75CF71D6B1230003054B0 /* ZYSuspensionViewUITests */,
				C9C75CD11D6B1230003054B0 /* Products */,
			);
			sourceTree = "<group>";
		};
		C9C75CD11D6B1230003054B0 /* Products */ = {
			isa = PBXGroup;
			children = (
				C9C75CD01D6B1230003054B0 /* ZYSuspensionView.app */,
				C9C75CE91D6B1230003054B0 /* ZYSuspensionViewTests.xctest */,
				C9C75CF41D6B1230003054B0 /* ZYSuspensionViewUITests.xctest */,
			);
			name = Products;
			sourceTree = "<group>";
		};
		C9C75CD21D6B1230003054B0 /* ZYSuspensionView */ = {
			isa = PBXGroup;
			children = (
				C9C75D061D6B123E003054B0 /* SuspensionView */,
				C9C75CD61D6B1230003054B0 /* AppDelegate.h */,
				C9C75CD71D6B1230003054B0 /* AppDelegate.m */,
				C9C75CD91D6B1230003054B0 /* ViewController.h */,
				C9C75CDA1D6B1230003054B0 /* ViewController.m */,
				C9C75CDC1D6B1230003054B0 /* Main.storyboard */,
				C9C75CDF1D6B1230003054B0 /* Assets.xcassets */,
				C9C75CE11D6B1230003054B0 /* LaunchScreen.storyboard */,
				C9C75CE41D6B1230003054B0 /* Info.plist */,
				C9C75CD31D6B1230003054B0 /* Supporting Files */,
			);
			path = ZYSuspensionView;
			sourceTree = "<group>";
		};
		C9C75CD31D6B1230003054B0 /* Supporting Files */ = {
			isa = PBXGroup;
			children = (
				C9C75CD41D6B1230003054B0 /* main.m */,
			);
			name = "Supporting Files";
			sourceTree = "<group>";
		};
		C9C75CEC1D6B1230003054B0 /* ZYSuspensionViewTests */ = {
			isa = PBXGroup;
			children = (
				C9C75CED1D6B1230003054B0 /* ZYSuspensionViewTests.m */,
				C9C75CEF1D6B1230003054B0 /* Info.plist */,
			);
			path = ZYSuspensionViewTests;
			sourceTree = "<group>";
		};
		C9C75CF71D6B1230003054B0 /* ZYSuspensionViewUITests */ = {
			isa = PBXGroup;
			children = (
				C9C75CF81D6B1230003054B0 /* ZYSuspensionViewUITests.m */,
				C9C75CFA1D6B1230003054B0 /* Info.plist */,
			);
			path = ZYSuspensionViewUITests;
			sourceTree = "<group>";
		};
		C9C75D061D6B123E003054B0 /* SuspensionView */ = {
			isa = PBXGroup;
			children = (
				C9C75D071D6B123E003054B0 /* NSObject+Key.h */,
				C9C75D081D6B123E003054B0 /* NSObject+Key.m */,
				C9C75D091D6B123E003054B0 /* SuspensionManager.h */,
				C9C75D0A1D6B123E003054B0 /* SuspensionManager.m */,
				C9C75D0B1D6B123E003054B0 /* SuspensionView.h */,
				C9C75D0C1D6B123E003054B0 /* SuspensionView.m */,
			);
			path = SuspensionView;
			sourceTree = "<group>";
		};
/* End PBXGroup section */

/* Begin PBXNativeTarget section */
		C9C75CCF1D6B1230003054B0 /* ZYSuspensionView */ = {
			isa = PBXNativeTarget;
			buildConfigurationList = C9C75CFD1D6B1230003054B0 /* Build configuration list for PBXNativeTarget "ZYSuspensionView" */;
			buildPhases = (
				C9C75CCC1D6B1230003054B0 /* Sources */,
				C9C75CCD1D6B1230003054B0 /* Frameworks */,
				C9C75CCE1D6B1230003054B0 /* Resources */,
			);
			buildRules = (
			);
			dependencies = (
			);
			name = ZYSuspensionView;
			productName = ZYSuspensionView;
			productReference = C9C75CD01D6B1230003054B0 /* ZYSuspensionView.app */;
			productType = "com.apple.product-type.application";
		};
		C9C75CE81D6B1230003054B0 /* ZYSuspensionViewTests */ = {
			isa = PBXNativeTarget;
			buildConfigurationList = C9C75D001D6B1230003054B0 /* Build configuration list for PBXNativeTarget "ZYSuspensionViewTests" */;
			buildPhases = (
				C9C75CE51D6B1230003054B0 /* Sources */,
				C9C75CE61D6B1230003054B0 /* Frameworks */,
				C9C75CE71D6B1230003054B0 /* Resources */,
			);
			buildRules = (
			);
			dependencies = (
				C9C75CEB1D6B1230003054B0 /* PBXTargetDependency */,
			);
			name = ZYSuspensionViewTests;
			productName = ZYSuspensionViewTests;
			productReference = C9C75CE91D6B1230003054B0 /* ZYSuspensionViewTests.xctest */;
			productType = "com.apple.product-type.bundle.unit-test";
		};
		C9C75CF31D6B1230003054B0 /* ZYSuspensionViewUITests */ = {
			isa = PBXNativeTarget;
			buildConfigurationList = C9C75D031D6B1230003054B0 /* Build configuration list for PBXNativeTarget "ZYSuspensionViewUITests" */;
			buildPhases = (
				C9C75CF01D6B1230003054B0 /* Sources */,
				C9C75CF11D6B1230003054B0 /* Frameworks */,
				C9C75CF21D6B1230003054B0 /* Resources */,
			);
			buildRules = (
			);
			dependencies = (
				C9C75CF61D6B1230003054B0 /* PBXTargetDependency */,
			);
			name = ZYSuspensionViewUITests;
			productName = ZYSuspensionViewUITests;
			productReference = C9C75CF41D6B1230003054B0 /* ZYSuspensionViewUITests.xctest */;
			productType = "com.apple.product-type.bundle.ui-testing";
		};
/* End PBXNativeTarget section */

/* Begin PBXProject section */
		C9C75CC81D6B1230003054B0 /* Project object */ = {
			isa = PBXProject;
			attributes = {
				LastUpgradeCheck = 0730;
				ORGANIZATIONNAME = ripper;
				TargetAttributes = {
					C9C75CCF1D6B1230003054B0 = {
						CreatedOnToolsVersion = 7.3.1;
					};
					C9C75CE81D6B1230003054B0 = {
						CreatedOnToolsVersion = 7.3.1;
						TestTargetID = C9C75CCF1D6B1230003054B0;
					};
					C9C75CF31D6B1230003054B0 = {
						CreatedOnToolsVersion = 7.3.1;
						TestTargetID = C9C75CCF1D6B1230003054B0;
					};
				};
			};
			buildConfigurationList = C9C75CCB1D6B1230003054B0 /* Build configuration list for PBXProject "ZYSuspensionView" */;
			compatibilityVersion = "Xcode 3.2";
			developmentRegion = English;
			hasScannedForEncodings = 0;
			knownRegions = (
				en,
				Base,
			);
			mainGroup = C9C75CC71D6B1230003054B0;
			productRefGroup = C9C75CD11D6B1230003054B0 /* Products */;
			projectDirPath = "";
			projectRoot = "";
			targets = (
				C9C75CCF1D6B1230003054B0 /* ZYSuspensionView */,
				C9C75CE81D6B1230003054B0 /* ZYSuspensionViewTests */,
				C9C75CF31D6B1230003054B0 /* ZYSuspensionViewUITests */,
			);
		};
/* End PBXProject section */

/* Begin PBXResourcesBuildPhase section */
		C9C75CCE1D6B1230003054B0 /* Resources */ = {
			isa = PBXResourcesBuildPhase;
			buildActionMask = 2147483647;
			files = (
				C9C75CE31D6B1230003054B0 /* LaunchScreen.storyboard in Resources */,
				C9C75CE01D6B1230003054B0 /* Assets.xcassets in Resources */,
				C9C75CDE1D6B1230003054B0 /* Main.storyboard in Resources */,
			);
			runOnlyForDeploymentPostprocessing = 0;
		};
		C9C75CE71D6B1230003054B0 /* Resources */ = {
			isa = PBXResourcesBuildPhase;
			buildActionMask = 2147483647;
			files = (
			);
			runOnlyForDeploymentPostprocessing = 0;
		};
		C9C75CF21D6B1230003054B0 /* Resources */ = {
			isa = PBXResourcesBuildPhase;
			buildActionMask = 2147483647;
			files = (
			);
			runOnlyForDeploymentPostprocessing = 0;
		};
/* End PBXResourcesBuildPhase section */

/* Begin PBXSourcesBuildPhase section */
		C9C75CCC1D6B1230003054B0 /* Sources */ = {
			isa = PBXSourcesBuildPhase;
			buildActionMask = 2147483647;
			files = (
				C9C75CDB1D6B1230003054B0 /* ViewController.m in Sources */,
				C9C75D0F1D6B123E003054B0 /* SuspensionView.m in Sources */,
				C9C75D0D1D6B123E003054B0 /* NSObject+Key.m in Sources */,
				C9C75CD81D6B1230003054B0 /* AppDelegate.m in Sources */,
				C9C75D0E1D6B123E003054B0 /* SuspensionManager.m in Sources */,
				C9C75CD51D6B1230003054B0 /* main.m in Sources */,
			);
			runOnlyForDeploymentPostprocessing = 0;
		};
		C9C75CE51D6B1230003054B0 /* Sources */ = {
			isa = PBXSourcesBuildPhase;
			buildActionMask = 2147483647;
			files = (
				C9C75CEE1D6B1230003054B0 /* ZYSuspensionViewTests.m in Sources */,
			);
			runOnlyForDeploymentPostprocessing = 0;
		};
		C9C75CF01D6B1230003054B0 /* Sources */ = {
			isa = PBXSourcesBuildPhase;
			buildActionMask = 2147483647;
			files = (
				C9C75CF91D6B1230003054B0 /* ZYSuspensionViewUITests.m in Sources */,
			);
			runOnlyForDeploymentPostprocessing = 0;
		};
/* End PBXSourcesBuildPhase section */

/* Begin PBXTargetDependency section */
		C9C75CEB1D6B1230003054B0 /* PBXTargetDependency */ = {
			isa = PBXTargetDependency;
			target = C9C75CCF1D6B1230003054B0 /* ZYSuspensionView */;
			targetProxy = C9C75CEA1D6B1230003054B0 /* PBXContainerItemProxy */;
		};
		C9C75CF61D6B1230003054B0 /* PBXTargetDependency */ = {
			isa = PBXTargetDependency;
			target = C9C75CCF1D6B1230003054B0 /* ZYSuspensionView */;
			targetProxy = C9C75CF51D6B1230003054B0 /* PBXContainerItemProxy */;
		};
/* End PBXTargetDependency section */

/* Begin PBXVariantGroup section */
		C9C75CDC1D6B1230003054B0 /* Main.storyboard */ = {
			isa = PBXVariantGroup;
			children = (
				C9C75CDD1D6B1230003054B0 /* Base */,
			);
			name = Main.storyboard;
			sourceTree = "<group>";
		};
		C9C75CE11D6B1230003054B0 /* LaunchScreen.storyboard */ = {
			isa = PBXVariantGroup;
			children = (
				C9C75CE21D6B1230003054B0 /* Base */,
			);
			name = LaunchScreen.storyboard;
			sourceTree = "<group>";
		};
/* End PBXVariantGroup section */

/* Begin XCBuildConfiguration section */
		C9C75CFB1D6B1230003054B0 /* Debug */ = {
			isa = XCBuildConfiguration;
			buildSettings = {
				ALWAYS_SEARCH_USER_PATHS = NO;
				CLANG_ANALYZER_NONNULL = YES;
				CLANG_CXX_LANGUAGE_STANDARD = "gnu++0x";
				CLANG_CXX_LIBRARY = "libc++";
				CLANG_ENABLE_MODULES = YES;
				CLANG_ENABLE_OBJC_ARC = YES;
				CLANG_WARN_BOOL_CONVERSION = YES;
				CLANG_WARN_CONSTANT_CONVERSION = YES;
				CLANG_WARN_DIRECT_OBJC_ISA_USAGE = YES_ERROR;
				CLANG_WARN_EMPTY_BODY = YES;
				CLANG_WARN_ENUM_CONVERSION = YES;
				CLANG_WARN_INT_CONVERSION = YES;
				CLANG_WARN_OBJC_ROOT_CLASS = YES_ERROR;
				CLANG_WARN_UNREACHABLE_CODE = YES;
				CLANG_WARN__DUPLICATE_METHOD_MATCH = YES;
				"CODE_SIGN_IDENTITY[sdk=iphoneos*]" = "iPhone Developer";
				COPY_PHASE_STRIP = NO;
				DEBUG_INFORMATION_FORMAT = dwarf;
				ENABLE_STRICT_OBJC_MSGSEND = YES;
				ENABLE_TESTABILITY = YES;
				GCC_C_LANGUAGE_STANDARD = gnu99;
				GCC_DYNAMIC_NO_PIC = NO;
				GCC_NO_COMMON_BLOCKS = YES;
				GCC_OPTIMIZATION_LEVEL = 0;
				GCC_PREPROCESSOR_DEFINITIONS = (
					"DEBUG=1",
					"$(inherited)",
				);
				GCC_WARN_64_TO_32_BIT_CONVERSION = YES;
				GCC_WARN_ABOUT_RETURN_TYPE = YES_ERROR;
				GCC_WARN_UNDECLARED_SELECTOR = YES;
				GCC_WARN_UNINITIALIZED_AUTOS = YES_AGGRESSIVE;
				GCC_WARN_UNUSED_FUNCTION = YES;
				GCC_WARN_UNUSED_VARIABLE = YES;
				IPHONEOS_DEPLOYMENT_TARGET = 9.3;
				MTL_ENABLE_DEBUG_INFO = YES;
				ONLY_ACTIVE_ARCH = YES;
				SDKROOT = iphoneos;
			};
			name = Debug;
		};
		C9C75CFC1D6B1230003054B0 /* Release */ = {
			isa = XCBuildConfiguration;
			buildSettings = {
				ALWAYS_SEARCH_USER_PATHS = NO;
				CLANG_ANALYZER_NONNULL = YES;
				CLANG_CXX_LANGUAGE_STANDARD = "gnu++0x";
				CLANG_CXX_LIBRARY = "libc++";
				CLANG_ENABLE_MODULES = YES;
				CLANG_ENABLE_OBJC_ARC = YES;
				CLANG_WARN_BOOL_CONVERSION = YES;
				CLANG_WARN_CONSTANT_CONVERSION = YES;
				CLANG_WARN_DIRECT_OBJC_ISA_USAGE = YES_ERROR;
				CLANG_WARN_EMPTY_BODY = YES;
				CLANG_WARN_ENUM_CONVERSION = YES;
				CLANG_WARN_INT_CONVERSION = YES;
				CLANG_WARN_OBJC_ROOT_CLASS = YES_ERROR;
				CLANG_WARN_UNREACHABLE_CODE = YES;
				CLANG_WARN__DUPLICATE_METHOD_MATCH = YES;
				"CODE_SIGN_IDENTITY[sdk=iphoneos*]" = "iPhone Developer";
				COPY_PHASE_STRIP = NO;
				DEBUG_INFORMATION_FORMAT = "dwarf-with-dsym";
				ENABLE_NS_ASSERTIONS = NO;
				ENABLE_STRICT_OBJC_MSGSEND = YES;
				GCC_C_LANGUAGE_STANDARD = gnu99;
				GCC_NO_COMMON_BLOCKS = YES;
				GCC_WARN_64_TO_32_BIT_CONVERSION = YES;
				GCC_WARN_ABOUT_RETURN_TYPE = YES_ERROR;
				GCC_WARN_UNDECLARED_SELECTOR = YES;
				GCC_WARN_UNINITIALIZED_AUTOS = YES_AGGRESSIVE;
				GCC_WARN_UNUSED_FUNCTION = YES;
				GCC_WARN_UNUSED_VARIABLE = YES;
				IPHONEOS_DEPLOYMENT_TARGET = 9.3;
				MTL_ENABLE_DEBUG_INFO = NO;
				SDKROOT = iphoneos;
				VALIDATE_PRODUCT = YES;
			};
			name = Release;
		};
		C9C75CFE1D6B1230003054B0 /* Debug */ = {
			isa = XCBuildConfiguration;
			buildSettings = {
				ASSETCATALOG_COMPILER_APPICON_NAME = AppIcon;
				INFOPLIST_FILE = ZYSuspensionView/Info.plist;
				LD_RUNPATH_SEARCH_PATHS = "$(inherited) @executable_path/Frameworks";
				PRODUCT_BUNDLE_IDENTIFIER = com.ripper.ZYSuspensionView;
				PRODUCT_NAME = "$(TARGET_NAME)";
			};
			name = Debug;
		};
		C9C75CFF1D6B1230003054B0 /* Release */ = {
			isa = XCBuildConfiguration;
			buildSettings = {
				ASSETCATALOG_COMPILER_APPICON_NAME = AppIcon;
				INFOPLIST_FILE = ZYSuspensionView/Info.plist;
				LD_RUNPATH_SEARCH_PATHS = "$(inherited) @executable_path/Frameworks";
				PRODUCT_BUNDLE_IDENTIFIER = com.ripper.ZYSuspensionView;
				PRODUCT_NAME = "$(TARGET_NAME)";
			};
			name = Release;
		};
		C9C75D011D6B1230003054B0 /* Debug */ = {
			isa = XCBuildConfiguration;
			buildSettings = {
				BUNDLE_LOADER = "$(TEST_HOST)";
				INFOPLIST_FILE = ZYSuspensionViewTests/Info.plist;
				LD_RUNPATH_SEARCH_PATHS = "$(inherited) @executable_path/Frameworks @loader_path/Frameworks";
				PRODUCT_BUNDLE_IDENTIFIER = com.ripper.ZYSuspensionViewTests;
				PRODUCT_NAME = "$(TARGET_NAME)";
				TEST_HOST = "$(BUILT_PRODUCTS_DIR)/ZYSuspensionView.app/ZYSuspensionView";
			};
			name = Debug;
		};
		C9C75D021D6B1230003054B0 /* Release */ = {
			isa = XCBuildConfiguration;
			buildSettings = {
				BUNDLE_LOADER = "$(TEST_HOST)";
				INFOPLIST_FILE = ZYSuspensionViewTests/Info.plist;
				LD_RUNPATH_SEARCH_PATHS = "$(inherited) @executable_path/Frameworks @loader_path/Frameworks";
				PRODUCT_BUNDLE_IDENTIFIER = com.ripper.ZYSuspensionViewTests;
				PRODUCT_NAME = "$(TARGET_NAME)";
				TEST_HOST = "$(BUILT_PRODUCTS_DIR)/ZYSuspensionView.app/ZYSuspensionView";
			};
			name = Release;
		};
		C9C75D041D6B1230003054B0 /* Debug */ = {
			isa = XCBuildConfiguration;
			buildSettings = {
				INFOPLIST_FILE = ZYSuspensionViewUITests/Info.plist;
				LD_RUNPATH_SEARCH_PATHS = "$(inherited) @executable_path/Frameworks @loader_path/Frameworks";
				PRODUCT_BUNDLE_IDENTIFIER = com.ripper.ZYSuspensionViewUITests;
				PRODUCT_NAME = "$(TARGET_NAME)";
				TEST_TARGET_NAME = ZYSuspensionView;
			};
			name = Debug;
		};
		C9C75D051D6B1230003054B0 /* Release */ = {
			isa = XCBuildConfiguration;
			buildSettings = {
				INFOPLIST_FILE = ZYSuspensionViewUITests/Info.plist;
				LD_RUNPATH_SEARCH_PATHS = "$(inherited) @executable_path/Frameworks @loader_path/Frameworks";
				PRODUCT_BUNDLE_IDENTIFIER = com.ripper.ZYSuspensionViewUITests;
				PRODUCT_NAME = "$(TARGET_NAME)";
				TEST_TARGET_NAME = ZYSuspensionView;
			};
			name = Release;
		};
/* End XCBuildConfiguration section */

/* Begin XCConfigurationList section */
		C9C75CCB1D6B1230003054B0 /* Build configuration list for PBXProject "ZYSuspensionView" */ = {
			isa = XCConfigurationList;
			buildConfigurations = (
				C9C75CFB1D6B1230003054B0 /* Debug */,
				C9C75CFC1D6B1230003054B0 /* Release */,
			);
			defaultConfigurationIsVisible = 0;
			defaultConfigurationName = Release;
		};
		C9C75CFD1D6B1230003054B0 /* Build configuration list for PBXNativeTarget "ZYSuspensionView" */ = {
			isa = XCConfigurationList;
			buildConfigurations = (
				C9C75CFE1D6B1230003054B0 /* Debug */,
				C9C75CFF1D6B1230003054B0 /* Release */,
			);
			defaultConfigurationIsVisible = 0;
		};
		C9C75D001D6B1230003054B0 /* Build configuration list for PBXNativeTarget "ZYSuspensionViewTests" */ = {
			isa = XCConfigurationList;
			buildConfigurations = (
				C9C75D011D6B1230003054B0 /* Debug */,
				C9C75D021D6B1230003054B0 /* Release */,
			);
			defaultConfigurationIsVisible = 0;
		};
		C9C75D031D6B1230003054B0 /* Build configuration list for PBXNativeTarget "ZYSuspensionViewUITests" */ = {
			isa = XCConfigurationList;
			buildConfigurations = (
				C9C75D041D6B1230003054B0 /* Debug */,
				C9C75D051D6B1230003054B0 /* Release */,
			);
			defaultConfigurationIsVisible = 0;
		};
/* End XCConfigurationList section */
	};
	rootObject = C9C75CC81D6B1230003054B0 /* Project object */;
}
